
Microsoft Visual Studio Solution File, Format Version 12.00
# Visual Studio Version 17
VisualStudioVersion = 17.5.002.0
MinimumVisualStudioVersion = 10.0.40219.1
Project("{9A19103F-16F7-4668-BE54-9A1E7A4F7556}") = "ManageApi", "ManageApi.csproj", "{4C2D1ACC-5BB1-422F-924A-10FF8FE1DB44}"
EndProject
Global
	GlobalSection(SolutionConfigurationPlatforms) = preSolution
		Debug|Any CPU = Debug|Any CPU
		Release|Any CPU = Release|Any CPU
	EndGlobalSection
	GlobalSection(ProjectConfigurationPlatforms) = postSolution
		{4C2D1ACC-5BB1-422F-924A-10FF8FE1DB44}.Debug|Any CPU.ActiveCfg = Debug|Any CPU
		{4C2D1ACC-5BB1-422F-924A-10FF8FE1DB44}.Debug|Any CPU.Build.0 = Debug|Any CPU
		{4C2D1ACC-5BB1-422F-924A-10FF8FE1DB44}.Release|Any CPU.ActiveCfg = Release|Any CPU
		{4C2D1ACC-5BB1-422F-924A-10FF8FE1DB44}.Release|Any CPU.Build.0 = Release|Any CPU
	EndGlobalSection
	GlobalSection(SolutionProperties) = preSolution
		HideSolutionNode = FALSE
	EndGlobalSection
	GlobalSection(ExtensibilityGlobals) = postSolution
		SolutionGuid = {E2D53519-4512-4DDC-9655-426CC64DB282}
	EndGlobalSection
EndGlobal
